// !$*UTF8*$!
{
	archiveVersion = 1;
	classes = {
	};
	objectVersion = 50;
	objects = {

/* Begin PBXBuildFile section */
		DDEA0CCD26387A3400714208 /* AppDelegate.swift in Sources */ = {isa = PBXBuildFile; fileRef = DDEA0CCC26387A3400714208 /* AppDelegate.swift */; };
		DDEA0CCF26387A3400714208 /* SceneDelegate.swift in Sources */ = {isa = PBXBuildFile; fileRef = DDEA0CCE26387A3400714208 /* SceneDelegate.swift */; };
		DDEA0CD126387A3400714208 /* ViewController.swift in Sources */ = {isa = PBXBuildFile; fileRef = DDEA0CD026387A3400714208 /* ViewController.swift */; };
		DDEA0CD426387A3400714208 /* Main.storyboard in Resources */ = {isa = PBXBuildFile; fileRef = DDEA0CD226387A3400714208 /* Main.storyboard */; };
		DDEA0CD726387A3400714208 /* My_Gym_Tracker.xcdatamodeld in Sources */ = {isa = PBXBuildFile; fileRef = DDEA0CD526387A3400714208 /* My_Gym_Tracker.xcdatamodeld */; };
		DDEA0CD926387A3500714208 /* Assets.xcassets in Resources */ = {isa = PBXBuildFile; fileRef = DDEA0CD826387A3500714208 /* Assets.xcassets */; };
		DDEA0CDC26387A3500714208 /* LaunchScreen.storyboard in Resources */ = {isa = PBXBuildFile; fileRef = DDEA0CDA26387A3500714208 /* LaunchScreen.storyboard */; };
/* End PBXBuildFile section */

/* Begin PBXFileReference section */
		DDEA0CC926387A3400714208 /* My Gym Tracker.app */ = {isa = PBXFileReference; explicitFileType = wrapper.application; includeInIndex = 0; path = "My Gym Tracker.app"; sourceTree = BUILT_PRODUCTS_DIR; };
		DDEA0CCC26387A3400714208 /* AppDelegate.swift */ = {isa = PBXFileReference; lastKnownFileType = sourcecode.swift; path = AppDelegate.swift; sourceTree = "<group>"; };
		DDEA0CCE26387A3400714208 /* SceneDelegate.swift */ = {isa = PBXFileReference; lastKnownFileType = sourcecode.swift; path = SceneDelegate.swift; sourceTree = "<group>"; };
		DDEA0CD026387A3400714208 /* ViewController.swift */ = {isa = PBXFileReference; lastKnownFileType = sourcecode.swift; path = ViewController.swift; sourceTree = "<group>"; };
		DDEA0CD326387A3400714208 /* Base */ = {isa = PBXFileReference; lastKnownFileType = file.storyboard; name = Base; path = Base.lproj/Main.storyboard; sourceTree = "<group>"; };
		DDEA0CD626387A3400714208 /* My_Gym_Tracker.xcdatamodel */ = {isa = PBXFileReference; lastKnownFileType = wrapper.xcdatamodel; path = My_Gym_Tracker.xcdatamodel; sourceTree = "<group>"; };
		DDEA0CD826387A3500714208 /* Assets.xcassets */ = {isa = PBXFileReference; lastKnownFileType = folder.assetcatalog; path = Assets.xcassets; sourceTree = "<group>"; };
		DDEA0CDB26387A3500714208 /* Base */ = {isa = PBXFileReference; lastKnownFileType = file.storyboard; name = Base; path = Base.lproj/LaunchScreen.storyboard; sourceTree = "<group>"; };
		DDEA0CDD26387A3500714208 /* Info.plist */ = {isa = PBXFileReference; lastKnownFileType = text.plist.xml; path = Info.plist; sourceTree = "<group>"; };
/* End PBXFileReference section */

/* Begin PBXFrameworksBuildPhase section */
		DDEA0CC626387A3400714208 /* Frameworks */ = {
			isa = PBXFrameworksBuildPhase;
			buildActionMask = 2147483647;
			files = (
			);
			runOnlyForDeploymentPostprocessing = 0;
		};
/* End PBXFrameworksBuildPhase section */

/* Begin PBXGroup section */
		DDEA0CC026387A3400714208 = {
			isa = PBXGroup;
			children = (
				DDEA0CCB26387A3400714208 /* My Gym Tracker */,
				DDEA0CCA26387A3400714208 /* Products */,
			);
			sourceTree = "<group>";
		};
		DDEA0CCA26387A3400714208 /* Products */ = {
			isa = PBXGroup;
			children = (
				DDEA0CC926387A3400714208 /* My Gym Tracker.app */,
			);
			name = Products;
			sourceTree = "<group>";
		};
		DDEA0CCB26387A3400714208 /* My Gym Tracker */ = {
			isa = PBXGroup;
			children = (
				DDEA0CCC26387A3400714208 /* AppDelegate.swift */,
				DDEA0CCE26387A3400714208 /* SceneDelegate.swift */,
				DDEA0CD026387A3400714208 /* ViewController.swift */,
				DDEA0CD226387A3400714208 /* Main.storyboard */,
				DDEA0CD826387A3500714208 /* Assets.xcassets */,
				DDEA0CDA26387A3500714208 /* LaunchScreen.storyboard */,
				DDEA0CDD26387A3500714208 /* Info.plist */,
				DDEA0CD526387A3400714208 /* My_Gym_Tracker.xcdatamodeld */,
			);
			path = "My Gym Tracker";
			sourceTree = "<group>";
		};
/* End PBXGroup section */

/* Begin PBXNativeTarget section */
		DDEA0CC826387A3400714208 /* My Gym Tracker */ = {
			isa = PBXNativeTarget;
			buildConfigurationList = DDEA0CE026387A3500714208 /* Build configuration list for PBXNativeTarget "My Gym Tracker" */;
			buildPhases = (
				DDEA0CC526387A3400714208 /* Sources */,
				DDEA0CC626387A3400714208 /* Frameworks */,
				DDEA0CC726387A3400714208 /* Resources */,
			);
			buildRules = (
			);
			dependencies = (
			);
			name = "My Gym Tracker";
			productName = "My Gym Tracker";
			productReference = DDEA0CC926387A3400714208 /* My Gym Tracker.app */;
			productType = "com.apple.product-type.application";
		};
/* End PBXNativeTarget section */

/* Begin PBXProject section */
		DDEA0CC126387A3400714208 /* Project object */ = {
			isa = PBXProject;
			attributes = {
				LastSwiftUpdateCheck = 1240;
				LastUpgradeCheck = 1240;
				TargetAttributes = {
					DDEA0CC826387A3400714208 = {
						CreatedOnToolsVersion = 12.4;
					};
				};
			};
			buildConfigurationList = DDEA0CC426387A3400714208 /* Build configuration list for PBXProject "My Gym Tracker" */;
			compatibilityVersion = "Xcode 9.3";
			developmentRegion = en;
			hasScannedForEncodings = 0;
			knownRegions = (
				en,
				Base,
			);
			mainGroup = DDEA0CC026387A3400714208;
			productRefGroup = DDEA0CCA26387A3400714208 /* Products */;
			projectDirPath = "";
			projectRoot = "";
			targets = (
				DDEA0CC826387A3400714208 /* My Gym Tracker */,
			);
		};
/* End PBXProject section */

/* Begin PBXResourcesBuildPhase section */
		DDEA0CC726387A3400714208 /* Resources */ = {
			isa = PBXResourcesBuildPhase;
			buildActionMask = 2147483647;
			files = (
				DDEA0CDC26387A3500714208 /* LaunchScreen.storyboard in Resources */,
				DDEA0CD926387A3500714208 /* Assets.xcassets in Resources */,
				DDEA0CD426387A3400714208 /* Main.storyboard in Resources */,
			);
			runOnlyForDeploymentPostprocessing = 0;
		};
/* End PBXResourcesBuildPhase section */

/* Begin PBXSourcesBuildPhase section */
		DDEA0CC526387A3400714208 /* Sources */ = {
			isa = PBXSourcesBuildPhase;
			buildActionMask = 2147483647;
			files = (
				DDEA0CD726387A3400714208 /* My_Gym_Tracker.xcdatamodeld in Sources */,
				DDEA0CD126387A3400714208 /* ViewController.swift in Sources */,
				DDEA0CCD26387A3400714208 /* AppDelegate.swift in Sources */,
				DDEA0CCF26387A3400714208 /* SceneDelegate.swift in Sources */,
			);
			runOnlyForDeploymentPostprocessing = 0;
		};
/* End PBXSourcesBuildPhase section */

/* Begin PBXVariantGroup section */
		DDEA0CD226387A3400714208 /* Main.storyboard */ = {
			isa = PBXVariantGroup;
			children = (
				DDEA0CD326387A3400714208 /* Base */,
			);
			name = Main.storyboard;
			sourceTree = "<group>";
		};
		DDEA0CDA26387A3500714208 /* LaunchScreen.storyboard */ = {
			isa = PBXVariantGroup;
			children = (
				DDEA0CDB26387A3500714208 /* Base */,
			);
			name = LaunchScreen.storyboard;
			sourceTree = "<group>";
		};
/* End PBXVariantGroup section */

/* Begin XCBuildConfiguration section */
		DDEA0CDE26387A3500714208 /* Debug */ = {
			isa = XCBuildConfiguration;
			buildSettings = {
				ALWAYS_SEARCH_USER_PATHS = NO;
				CLANG_ANALYZER_NONNULL = YES;
				CLANG_ANALYZER_NUMBER_OBJECT_CONVERSION = YES_AGGRESSIVE;
				CLANG_CXX_LANGUAGE_STANDARD = "gnu++14";
				CLANG_CXX_LIBRARY = "libc++";
				CLANG_ENABLE_MODULES = YES;
				CLANG_ENABLE_OBJC_ARC = YES;
				CLANG_ENABLE_OBJC_WEAK = YES;
				CLANG_WARN_BLOCK_CAPTURE_AUTORELEASING = YES;
				CLANG_WARN_BOOL_CONVERSION = YES;
				CLANG_WARN_COMMA = YES;
				CLANG_WARN_CONSTANT_CONVERSION = YES;
				CLANG_WARN_DEPRECATED_OBJC_IMPLEMENTATIONS = YES;
				CLANG_WARN_DIRECT_OBJC_ISA_USAGE = YES_ERROR;
				CLANG_WARN_DOCUMENTATION_COMMENTS = YES;
				CLANG_WARN_EMPTY_BODY = YES;
				CLANG_WARN_ENUM_CONVERSION = YES;
				CLANG_WARN_INFINITE_RECURSION = YES;
				CLANG_WARN_INT_CONVERSION = YES;
				CLANG_WARN_NON_LITERAL_NULL_CONVERSION = YES;
				CLANG_WARN_OBJC_IMPLICIT_RETAIN_SELF = YES;
				CLANG_WARN_OBJC_LITERAL_CONVERSION = YES;
				CLANG_WARN_OBJC_ROOT_CLASS = YES_ERROR;
				CLANG_WARN_QUOTED_INCLUDE_IN_FRAMEWORK_HEADER = YES;
				CLANG_WARN_RANGE_LOOP_ANALYSIS = YES;
				CLANG_WARN_STRICT_PROTOTYPES = YES;
				CLANG_WARN_SUSPICIOUS_MOVE = YES;
				CLANG_WARN_UNGUARDED_AVAILABILITY = YES_AGGRESSIVE;
				CLANG_WARN_UNREACHABLE_CODE = YES;
				CLANG_WARN__DUPLICATE_METHOD_MATCH = YES;
				COPY_PHASE_STRIP = NO;
				DEBUG_INFORMATION_FORMAT = dwarf;
				ENABLE_STRICT_OBJC_MSGSEND = YES;
				ENABLE_TESTABILITY = YES;
				GCC_C_LANGUAGE_STANDARD = gnu11;
				GCC_DYNAMIC_NO_PIC = NO;
				GCC_NO_COMMON_BLOCKS = YES;
				GCC_OPTIMIZATION_LEVEL = 0;
				GCC_PREPROCESSOR_DEFINITIONS = (
					"DEBUG=1",
					"$(inherited)",
				);
				GCC_WARN_64_TO_32_BIT_CONVERSION = YES;
				GCC_WARN_ABOUT_RETURN_TYPE = YES_ERROR;
				GCC_WARN_UNDECLARED_SELECTOR = YES;
				GCC_WARN_UNINITIALIZED_AUTOS = YES_AGGRESSIVE;
				GCC_WARN_UNUSED_FUNCTION = YES;
				GCC_WARN_UNUSED_VARIABLE = YES;
				IPHONEOS_DEPLOYMENT_TARGET = 14.4;
				MTL_ENABLE_DEBUG_INFO = INCLUDE_SOURCE;
				MTL_FAST_MATH = YES;
				ONLY_ACTIVE_ARCH = YES;
				SDKROOT = iphoneos;
				SWIFT_ACTIVE_COMPILATION_CONDITIONS = DEBUG;
				SWIFT_OPTIMIZATION_LEVEL = "-Onone";
			};
			name = Debug;
		};
		DDEA0CDF26387A3500714208 /* Release */ = {
			isa = XCBuildConfiguration;
			buildSettings = {
				ALWAYS_SEARCH_USER_PATHS = NO;
				CLANG_ANALYZER_NONNULL = YES;
				CLANG_ANALYZER_NUMBER_OBJECT_CONVERSION = YES_AGGRESSIVE;
				CLANG_CXX_LANGUAGE_STANDARD = "gnu++14";
				CLANG_CXX_LIBRARY = "libc++";
				CLANG_ENABLE_MODULES = YES;
				CLANG_ENABLE_OBJC_ARC = YES;
				CLANG_ENABLE_OBJC_WEAK = YES;
				CLANG_WARN_BLOCK_CAPTURE_AUTORELEASING = YES;
				CLANG_WARN_BOOL_CONVERSION = YES;
				CLANG_WARN_COMMA = YES;
				CLANG_WARN_CONSTANT_CONVERSION = YES;
				CLANG_WARN_DEPRECATED_OBJC_IMPLEMENTATIONS = YES;
				CLANG_WARN_DIRECT_OBJC_ISA_USAGE = YES_ERROR;
				CLANG_WARN_DOCUMENTATION_COMMENTS = YES;
				CLANG_WARN_EMPTY_BODY = YES;
				CLANG_WARN_ENUM_CONVERSION = YES;
				CLANG_WARN_INFINITE_RECURSION = YES;
				CLANG_WARN_INT_CONVERSION = YES;
				CLANG_WARN_NON_LITERAL_NULL_CONVERSION = YES;
				CLANG_WARN_OBJC_IMPLICIT_RETAIN_SELF = YES;
				CLANG_WARN_OBJC_LITERAL_CONVERSION = YES;
				CLANG_WARN_OBJC_ROOT_CLASS = YES_ERROR;
				CLANG_WARN_QUOTED_INCLUDE_IN_FRAMEWORK_HEADER = YES;
				CLANG_WARN_RANGE_LOOP_ANALYSIS = YES;
				CLANG_WARN_STRICT_PROTOTYPES = YES;
				CLANG_WARN_SUSPICIOUS_MOVE = YES;
				CLANG_WARN_UNGUARDED_AVAILABILITY = YES_AGGRESSIVE;
				CLANG_WARN_UNREACHABLE_CODE = YES;
				CLANG_WARN__DUPLICATE_METHOD_MATCH = YES;
				COPY_PHASE_STRIP = NO;
				DEBUG_INFORMATION_FORMAT = "dwarf-with-dsym";
				ENABLE_NS_ASSERTIONS = NO;
				ENABLE_STRICT_OBJC_MSGSEND = YES;
				GCC_C_LANGUAGE_STANDARD = gnu11;
				GCC_NO_COMMON_BLOCKS = YES;
				GCC_WARN_64_TO_32_BIT_CONVERSION = YES;
				GCC_WARN_ABOUT_RETURN_TYPE = YES_ERROR;
				GCC_WARN_UNDECLARED_SELECTOR = YES;
				GCC_WARN_UNINITIALIZED_AUTOS = YES_AGGRESSIVE;
				GCC_WARN_UNUSED_FUNCTION = YES;
				GCC_WARN_UNUSED_VARIABLE = YES;
				IPHONEOS_DEPLOYMENT_TARGET = 14.4;
				MTL_ENABLE_DEBUG_INFO = NO;
				MTL_FAST_MATH = YES;
				SDKROOT = iphoneos;
				SWIFT_COMPILATION_MODE = wholemodule;
				SWIFT_OPTIMIZATION_LEVEL = "-O";
				VALIDATE_PRODUCT = YES;
			};
			name = Release;
		};
		DDEA0CE126387A3500714208 /* Debug */ = {
			isa = XCBuildConfiguration;
			buildSettings = {
				ASSETCATALOG_COMPILER_APPICON_NAME = AppIcon;
				ASSETCATALOG_COMPILER_GLOBAL_ACCENT_COLOR_NAME = AccentColor;
				CODE_SIGN_STYLE = Automatic;
				DEVELOPMENT_TEAM = YGNVT89K5D;
				INFOPLIST_FILE = "My Gym Tracker/Info.plist";
				LD_RUNPATH_SEARCH_PATHS = (
					"$(inherited)",
					"@executable_path/Frameworks",
				);
				PRODUCT_BUNDLE_IDENTIFIER = "KingRichCoding.My-Gym-Tracker";
				PRODUCT_NAME = "$(TARGET_NAME)";
				SWIFT_VERSION = 5.0;
				TARGETED_DEVICE_FAMILY = "1,2";
			};
			name = Debug;
		};
		DDEA0CE226387A3500714208 /* Release */ = {
			isa = XCBuildConfiguration;
			buildSettings = {
				ASSETCATALOG_COMPILER_APPICON_NAME = AppIcon;
				ASSETCATALOG_COMPILER_GLOBAL_ACCENT_COLOR_NAME = AccentColor;
				CODE_SIGN_STYLE = Automatic;
				DEVELOPMENT_TEAM = YGNVT89K5D;
				INFOPLIST_FILE = "My Gym Tracker/Info.plist";
				LD_RUNPATH_SEARCH_PATHS = (
					"$(inherited)",
					"@executable_path/Frameworks",
				);
				PRODUCT_BUNDLE_IDENTIFIER = "KingRichCoding.My-Gym-Tracker";
				PRODUCT_NAME = "$(TARGET_NAME)";
				SWIFT_VERSION = 5.0;
				TARGETED_DEVICE_FAMILY = "1,2";
			};
			name = Release;
		};
/* End XCBuildConfiguration section */

/* Begin XCConfigurationList section */
		DDEA0CC426387A3400714208 /* Build configuration list for PBXProject "My Gym Tracker" */ = {
			isa = XCConfigurationList;
			buildConfigurations = (
				DDEA0CDE26387A3500714208 /* Debug */,
				DDEA0CDF26387A3500714208 /* Release */,
			);
			defaultConfigurationIsVisible = 0;
			defaultConfigurationName = Release;
		};
		DDEA0CE026387A3500714208 /* Build configuration list for PBXNativeTarget "My Gym Tracker" */ = {
			isa = XCConfigurationList;
			buildConfigurations = (
				DDEA0CE126387A3500714208 /* Debug */,
				DDEA0CE226387A3500714208 /* Release */,
			);
			defaultConfigurationIsVisible = 0;
			defaultConfigurationName = Release;
		};
/* End XCConfigurationList section */

/* Begin XCVersionGroup section */
		DDEA0CD526387A3400714208 /* My_Gym_Tracker.xcdatamodeld */ = {
			isa = XCVersionGroup;
			children = (
				DDEA0CD626387A3400714208 /* My_Gym_Tracker.xcdatamodel */,
			);
			currentVersion = DDEA0CD626387A3400714208 /* My_Gym_Tracker.xcdatamodel */;
			path = My_Gym_Tracker.xcdatamodeld;
			sourceTree = "<group>";
			versionGroupType = wrapper.xcdatamodel;
		};
/* End XCVersionGroup section */
	};
	rootObject = DDEA0CC126387A3400714208 /* Project object */;
}
